
Microsoft Visual Studio Solution File, Format Version 12.00
# Visual Studio Version 17
VisualStudioVersion = 17.5.33424.131
MinimumVisualStudioVersion = 10.0.40219.1
Project("{FAE04EC0-301F-11D3-BF4B-00C04F79EFBC}") = "TPModul4_1302210087", "TPModul4_1302210087\TPModul4_1302210087.csproj", "{C4A716AC-0967-445E-BEBA-5ABD65DAB52B}"
EndProject
Global
	GlobalSection(SolutionConfigurationPlatforms) = preSolution
		Debug|Any CPU = Debug|Any CPU
		Release|Any CPU = Release|Any CPU
	EndGlobalSection
	GlobalSection(ProjectConfigurationPlatforms) = postSolution
		{C4A716AC-0967-445E-BEBA-5ABD65DAB52B}.Debug|Any CPU.ActiveCfg = Debug|Any CPU
		{C4A716AC-0967-445E-BEBA-5ABD65DAB52B}.Debug|Any CPU.Build.0 = Debug|Any CPU
		{C4A716AC-0967-445E-BEBA-5ABD65DAB52B}.Release|Any CPU.ActiveCfg = Release|Any CPU
		{C4A716AC-0967-445E-BEBA-5ABD65DAB52B}.Release|Any CPU.Build.0 = Release|Any CPU
	EndGlobalSection
	GlobalSection(SolutionProperties) = preSolution
		HideSolutionNode = FALSE
	EndGlobalSection
	GlobalSection(ExtensibilityGlobals) = postSolution
		SolutionGuid = {982BEDA7-186E-4A1E-9A49-79537A0BA206}
	EndGlobalSection
EndGlobal
